
Microsoft Visual Studio Solution File, Format Version 12.00
# Visual Studio Version 16
VisualStudioVersion = 16.0.30204.135
MinimumVisualStudioVersion = 10.0.40219.1
Project("{FAE04EC0-301F-11D3-BF4B-00C04F79EFBC}") = "Mandelbrot2", "Mandelbrot2\Mandelbrot2.csproj", "{A32B434F-5705-423D-8C31-BE61F64A39D5}"
EndProject
Global
	GlobalSection(SolutionConfigurationPlatforms) = preSolution
		Debug|Any CPU = Debug|Any CPU
		Release|Any CPU = Release|Any CPU
	EndGlobalSection
	GlobalSection(ProjectConfigurationPlatforms) = postSolution
		{A32B434F-5705-423D-8C31-BE61F64A39D5}.Debug|Any CPU.ActiveCfg = Debug|Any CPU
		{A32B434F-5705-423D-8C31-BE61F64A39D5}.Debug|Any CPU.Build.0 = Debug|Any CPU
		{A32B434F-5705-423D-8C31-BE61F64A39D5}.Release|Any CPU.ActiveCfg = Release|Any CPU
		{A32B434F-5705-423D-8C31-BE61F64A39D5}.Release|Any CPU.Build.0 = Release|Any CPU
	EndGlobalSection
	GlobalSection(SolutionProperties) = preSolution
		HideSolutionNode = FALSE
	EndGlobalSection
	GlobalSection(ExtensibilityGlobals) = postSolution
		SolutionGuid = {2F241ECB-8C97-4F9A-BC10-13503768623E}
	EndGlobalSection
EndGlobal
